// !$*UTF8*$!
{
	archiveVersion = 1;
	classes = {
	};
	objectVersion = 46;
	objects = {

/* Begin PBXBuildFile section */
		C3853EC01E78878E00CB4658 /* AppDelegate.swift in Sources */ = {isa = PBXBuildFile; fileRef = C3853EBF1E78878E00CB4658 /* AppDelegate.swift */; };
		C3853EC21E78878E00CB4658 /* ViewController.swift in Sources */ = {isa = PBXBuildFile; fileRef = C3853EC11E78878E00CB4658 /* ViewController.swift */; };
		C3853EC51E78878E00CB4658 /* Main.storyboard in Resources */ = {isa = PBXBuildFile; fileRef = C3853EC31E78878E00CB4658 /* Main.storyboard */; };
		C3853EC71E78878E00CB4658 /* Assets.xcassets in Resources */ = {isa = PBXBuildFile; fileRef = C3853EC61E78878E00CB4658 /* Assets.xcassets */; };
		C3853ECA1E78878E00CB4658 /* LaunchScreen.storyboard in Resources */ = {isa = PBXBuildFile; fileRef = C3853EC81E78878E00CB4658 /* LaunchScreen.storyboard */; };
/* End PBXBuildFile section */

/* Begin PBXFileReference section */
		C3853EBC1E78878D00CB4658 /* ClimbersGuide.app */ = {isa = PBXFileReference; explicitFileType = wrapper.application; includeInIndex = 0; path = ClimbersGuide.app; sourceTree = BUILT_PRODUCTS_DIR; };
		C3853EBF1E78878E00CB4658 /* AppDelegate.swift */ = {isa = PBXFileReference; lastKnownFileType = sourcecode.swift; path = AppDelegate.swift; sourceTree = "<group>"; };
		C3853EC11E78878E00CB4658 /* ViewController.swift */ = {isa = PBXFileReference; lastKnownFileType = sourcecode.swift; path = ViewController.swift; sourceTree = "<group>"; };
		C3853EC41E78878E00CB4658 /* Base */ = {isa = PBXFileReference; lastKnownFileType = file.storyboard; name = Base; path = Base.lproj/Main.storyboard; sourceTree = "<group>"; };
		C3853EC61E78878E00CB4658 /* Assets.xcassets */ = {isa = PBXFileReference; lastKnownFileType = folder.assetcatalog; path = Assets.xcassets; sourceTree = "<group>"; };
		C3853EC91E78878E00CB4658 /* Base */ = {isa = PBXFileReference; lastKnownFileType = file.storyboard; name = Base; path = Base.lproj/LaunchScreen.storyboard; sourceTree = "<group>"; };
		C3853ECB1E78878E00CB4658 /* Info.plist */ = {isa = PBXFileReference; lastKnownFileType = text.plist.xml; path = Info.plist; sourceTree = "<group>"; };
/* End PBXFileReference section */

/* Begin PBXFrameworksBuildPhase section */
		C3853EB91E78878D00CB4658 /* Frameworks */ = {
			isa = PBXFrameworksBuildPhase;
			buildActionMask = 2147483647;
			files = (
			);
			runOnlyForDeploymentPostprocessing = 0;
		};
/* End PBXFrameworksBuildPhase section */

/* Begin PBXGroup section */
		C3853EB31E78878D00CB4658 = {
			isa = PBXGroup;
			children = (
				C3853EBE1E78878D00CB4658 /* ClimbersGuide */,
				C3853EBD1E78878D00CB4658 /* Products */,
			);
			sourceTree = "<group>";
		};
		C3853EBD1E78878D00CB4658 /* Products */ = {
			isa = PBXGroup;
			children = (
				C3853EBC1E78878D00CB4658 /* ClimbersGuide.app */,
			);
			name = Products;
			sourceTree = "<group>";
		};
		C3853EBE1E78878D00CB4658 /* ClimbersGuide */ = {
			isa = PBXGroup;
			children = (
				C3853EBF1E78878E00CB4658 /* AppDelegate.swift */,
				C3853EC11E78878E00CB4658 /* ViewController.swift */,
				C3853EC31E78878E00CB4658 /* Main.storyboard */,
				C3853EC61E78878E00CB4658 /* Assets.xcassets */,
				C3853EC81E78878E00CB4658 /* LaunchScreen.storyboard */,
				C3853ECB1E78878E00CB4658 /* Info.plist */,
			);
			path = ClimbersGuide;
			sourceTree = "<group>";
		};
/* End PBXGroup section */

/* Begin PBXNativeTarget section */
		C3853EBB1E78878D00CB4658 /* ClimbersGuide */ = {
			isa = PBXNativeTarget;
			buildConfigurationList = C3853ECE1E78878E00CB4658 /* Build configuration list for PBXNativeTarget "ClimbersGuide" */;
			buildPhases = (
				C3853EB81E78878D00CB4658 /* Sources */,
				C3853EB91E78878D00CB4658 /* Frameworks */,
				C3853EBA1E78878D00CB4658 /* Resources */,
			);
			buildRules = (
			);
			dependencies = (
			);
			name = ClimbersGuide;
			productName = ClimbersGuide;
			productReference = C3853EBC1E78878D00CB4658 /* ClimbersGuide.app */;
			productType = "com.apple.product-type.application";
		};
/* End PBXNativeTarget section */

/* Begin PBXProject section */
		C3853EB41E78878D00CB4658 /* Project object */ = {
			isa = PBXProject;
			attributes = {
				LastSwiftUpdateCheck = 0820;
				LastUpgradeCheck = 0820;
				ORGANIZATIONNAME = "Cliff Hangars";
				TargetAttributes = {
					C3853EBB1E78878D00CB4658 = {
						CreatedOnToolsVersion = 8.2;
						ProvisioningStyle = Automatic;
					};
				};
			};
			buildConfigurationList = C3853EB71E78878D00CB4658 /* Build configuration list for PBXProject "ClimbersGuide" */;
			compatibilityVersion = "Xcode 3.2";
			developmentRegion = English;
			hasScannedForEncodings = 0;
			knownRegions = (
				en,
				Base,
			);
			mainGroup = C3853EB31E78878D00CB4658;
			productRefGroup = C3853EBD1E78878D00CB4658 /* Products */;
			projectDirPath = "";
			projectRoot = "";
			targets = (
				C3853EBB1E78878D00CB4658 /* ClimbersGuide */,
			);
		};
/* End PBXProject section */

/* Begin PBXResourcesBuildPhase section */
		C3853EBA1E78878D00CB4658 /* Resources */ = {
			isa = PBXResourcesBuildPhase;
			buildActionMask = 2147483647;
			files = (
				C3853ECA1E78878E00CB4658 /* LaunchScreen.storyboard in Resources */,
				C3853EC71E78878E00CB4658 /* Assets.xcassets in Resources */,
				C3853EC51E78878E00CB4658 /* Main.storyboard in Resources */,
			);
			runOnlyForDeploymentPostprocessing = 0;
		};
/* End PBXResourcesBuildPhase section */

/* Begin PBXSourcesBuildPhase section */
		C3853EB81E78878D00CB4658 /* Sources */ = {
			isa = PBXSourcesBuildPhase;
			buildActionMask = 2147483647;
			files = (
				C3853EC21E78878E00CB4658 /* ViewController.swift in Sources */,
				C3853EC01E78878E00CB4658 /* AppDelegate.swift in Sources */,
			);
			runOnlyForDeploymentPostprocessing = 0;
		};
/* End PBXSourcesBuildPhase section */

/* Begin PBXVariantGroup section */
		C3853EC31E78878E00CB4658 /* Main.storyboard */ = {
			isa = PBXVariantGroup;
			children = (
				C3853EC41E78878E00CB4658 /* Base */,
			);
			name = Main.storyboard;
			sourceTree = "<group>";
		};
		C3853EC81E78878E00CB4658 /* LaunchScreen.storyboard */ = {
			isa = PBXVariantGroup;
			children = (
				C3853EC91E78878E00CB4658 /* Base */,
			);
			name = LaunchScreen.storyboard;
			sourceTree = "<group>";
		};
/* End PBXVariantGroup section */

/* Begin XCBuildConfiguration section */
		C3853ECC1E78878E00CB4658 /* Debug */ = {
			isa = XCBuildConfiguration;
			buildSettings = {
				ALWAYS_SEARCH_USER_PATHS = NO;
				CLANG_ANALYZER_NONNULL = YES;
				CLANG_CXX_LANGUAGE_STANDARD = "gnu++0x";
				CLANG_CXX_LIBRARY = "libc++";
				CLANG_ENABLE_MODULES = YES;
				CLANG_ENABLE_OBJC_ARC = YES;
				CLANG_WARN_BOOL_CONVERSION = YES;
				CLANG_WARN_CONSTANT_CONVERSION = YES;
				CLANG_WARN_DIRECT_OBJC_ISA_USAGE = YES_ERROR;
				CLANG_WARN_DOCUMENTATION_COMMENTS = YES;
				CLANG_WARN_EMPTY_BODY = YES;
				CLANG_WARN_ENUM_CONVERSION = YES;
				CLANG_WARN_INFINITE_RECURSION = YES;
				CLANG_WARN_INT_CONVERSION = YES;
				CLANG_WARN_OBJC_ROOT_CLASS = YES_ERROR;
				CLANG_WARN_SUSPICIOUS_MOVE = YES;
				CLANG_WARN_UNREACHABLE_CODE = YES;
				CLANG_WARN__DUPLICATE_METHOD_MATCH = YES;
				"CODE_SIGN_IDENTITY[sdk=iphoneos*]" = "iPhone Developer";
				COPY_PHASE_STRIP = NO;
				DEBUG_INFORMATION_FORMAT = dwarf;
				ENABLE_STRICT_OBJC_MSGSEND = YES;
				ENABLE_TESTABILITY = YES;
				GCC_C_LANGUAGE_STANDARD = gnu99;
				GCC_DYNAMIC_NO_PIC = NO;
				GCC_NO_COMMON_BLOCKS = YES;
				GCC_OPTIMIZATION_LEVEL = 0;
				GCC_PREPROCESSOR_DEFINITIONS = (
					"DEBUG=1",
					"$(inherited)",
				);
				GCC_WARN_64_TO_32_BIT_CONVERSION = YES;
				GCC_WARN_ABOUT_RETURN_TYPE = YES_ERROR;
				GCC_WARN_UNDECLARED_SELECTOR = YES;
				GCC_WARN_UNINITIALIZED_AUTOS = YES_AGGRESSIVE;
				GCC_WARN_UNUSED_FUNCTION = YES;
				GCC_WARN_UNUSED_VARIABLE = YES;
				IPHONEOS_DEPLOYMENT_TARGET = 10.2;
				MTL_ENABLE_DEBUG_INFO = YES;
				ONLY_ACTIVE_ARCH = YES;
				SDKROOT = iphoneos;
				SWIFT_ACTIVE_COMPILATION_CONDITIONS = DEBUG;
				SWIFT_OPTIMIZATION_LEVEL = "-Onone";
				TARGETED_DEVICE_FAMILY = "1,2";
			};
			name = Debug;
		};
		C3853ECD1E78878E00CB4658 /* Release */ = {
			isa = XCBuildConfiguration;
			buildSettings = {
				ALWAYS_SEARCH_USER_PATHS = NO;
				CLANG_ANALYZER_NONNULL = YES;
				CLANG_CXX_LANGUAGE_STANDARD = "gnu++0x";
				CLANG_CXX_LIBRARY = "libc++";
				CLANG_ENABLE_MODULES = YES;
				CLANG_ENABLE_OBJC_ARC = YES;
				CLANG_WARN_BOOL_CONVERSION = YES;
				CLANG_WARN_CONSTANT_CONVERSION = YES;
				CLANG_WARN_DIRECT_OBJC_ISA_USAGE = YES_ERROR;
				CLANG_WARN_DOCUMENTATION_COMMENTS = YES;
				CLANG_WARN_EMPTY_BODY = YES;
				CLANG_WARN_ENUM_CONVERSION = YES;
				CLANG_WARN_INFINITE_RECURSION = YES;
				CLANG_WARN_INT_CONVERSION = YES;
				CLANG_WARN_OBJC_ROOT_CLASS = YES_ERROR;
				CLANG_WARN_SUSPICIOUS_MOVE = YES;
				CLANG_WARN_UNREACHABLE_CODE = YES;
				CLANG_WARN__DUPLICATE_METHOD_MATCH = YES;
				"CODE_SIGN_IDENTITY[sdk=iphoneos*]" = "iPhone Developer";
				COPY_PHASE_STRIP = NO;
				DEBUG_INFORMATION_FORMAT = "dwarf-with-dsym";
				ENABLE_NS_ASSERTIONS = NO;
				ENABLE_STRICT_OBJC_MSGSEND = YES;
				GCC_C_LANGUAGE_STANDARD = gnu99;
				GCC_NO_COMMON_BLOCKS = YES;
				GCC_WARN_64_TO_32_BIT_CONVERSION = YES;
				GCC_WARN_ABOUT_RETURN_TYPE = YES_ERROR;
				GCC_WARN_UNDECLARED_SELECTOR = YES;
				GCC_WARN_UNINITIALIZED_AUTOS = YES_AGGRESSIVE;
				GCC_WARN_UNUSED_FUNCTION = YES;
				GCC_WARN_UNUSED_VARIABLE = YES;
				IPHONEOS_DEPLOYMENT_TARGET = 10.2;
				MTL_ENABLE_DEBUG_INFO = NO;
				SDKROOT = iphoneos;
				SWIFT_OPTIMIZATION_LEVEL = "-Owholemodule";
				TARGETED_DEVICE_FAMILY = "1,2";
				VALIDATE_PRODUCT = YES;
			};
			name = Release;
		};
		C3853ECF1E78878E00CB4658 /* Debug */ = {
			isa = XCBuildConfiguration;
			buildSettings = {
				ASSETCATALOG_COMPILER_APPICON_NAME = AppIcon;
				INFOPLIST_FILE = ClimbersGuide/Info.plist;
				LD_RUNPATH_SEARCH_PATHS = "$(inherited) @executable_path/Frameworks";
				PRODUCT_BUNDLE_IDENTIFIER = com.example.ClimbersGuide;
				PRODUCT_NAME = "$(TARGET_NAME)";
				SWIFT_VERSION = 3.0;
			};
			name = Debug;
		};
		C3853ED01E78878E00CB4658 /* Release */ = {
			isa = XCBuildConfiguration;
			buildSettings = {
				ASSETCATALOG_COMPILER_APPICON_NAME = AppIcon;
				INFOPLIST_FILE = ClimbersGuide/Info.plist;
				LD_RUNPATH_SEARCH_PATHS = "$(inherited) @executable_path/Frameworks";
				PRODUCT_BUNDLE_IDENTIFIER = com.example.ClimbersGuide;
				PRODUCT_NAME = "$(TARGET_NAME)";
				SWIFT_VERSION = 3.0;
			};
			name = Release;
		};
/* End XCBuildConfiguration section */

/* Begin XCConfigurationList section */
		C3853EB71E78878D00CB4658 /* Build configuration list for PBXProject "ClimbersGuide" */ = {
			isa = XCConfigurationList;
			buildConfigurations = (
				C3853ECC1E78878E00CB4658 /* Debug */,
				C3853ECD1E78878E00CB4658 /* Release */,
			);
			defaultConfigurationIsVisible = 0;
			defaultConfigurationName = Release;
		};
		C3853ECE1E78878E00CB4658 /* Build configuration list for PBXNativeTarget "ClimbersGuide" */ = {
			isa = XCConfigurationList;
			buildConfigurations = (
				C3853ECF1E78878E00CB4658 /* Debug */,
				C3853ED01E78878E00CB4658 /* Release */,
			);
			defaultConfigurationIsVisible = 0;
		};
/* End XCConfigurationList section */
	};
	rootObject = C3853EB41E78878D00CB4658 /* Project object */;
}
